// !$*UTF8*$!
{
	archiveVersion = 1;
	classes = {
	};
	objectVersion = 56;
	objects = {

/* Begin PBXBuildFile section */
		F14B01762A513FEF00D43B1D /* ViewController.swift in Sources */ = {isa = PBXBuildFile; fileRef = F14B01752A513FEF00D43B1D /* ViewController.swift */; };
		F14B017B2A5195DD00D43B1D /* GameManager.swift in Sources */ = {isa = PBXBuildFile; fileRef = F14B017A2A5195DD00D43B1D /* GameManager.swift */; };
		F14B017D2A52AF2B00D43B1D /* JSONDeserializer.swift in Sources */ = {isa = PBXBuildFile; fileRef = F14B017C2A52AF2B00D43B1D /* JSONDeserializer.swift */; };
		F14B01882A52D99A00D43B1D /* latest-games.json in Resources */ = {isa = PBXBuildFile; fileRef = F14B01872A52D99A00D43B1D /* latest-games.json */; };
		F14B018A2A52D9F400D43B1D /* popular-games.json in Resources */ = {isa = PBXBuildFile; fileRef = F14B01892A52D9F400D43B1D /* popular-games.json */; };
		F14B018E2A565B7C00D43B1D /* NetworkDispatcher.swift in Sources */ = {isa = PBXBuildFile; fileRef = F14B018D2A565B7C00D43B1D /* NetworkDispatcher.swift */; };
		F14B01912A56609800D43B1D /* NetworkError.swift in Sources */ = {isa = PBXBuildFile; fileRef = F14B01902A56609800D43B1D /* NetworkError.swift */; };
		F14B01952A56655000D43B1D /* URLResponse.swift in Sources */ = {isa = PBXBuildFile; fileRef = F14B01942A56655000D43B1D /* URLResponse.swift */; };
		F15550722A4EDD0400832E92 /* GameListCollectionViewCell.swift in Sources */ = {isa = PBXBuildFile; fileRef = F15550712A4EDD0400832E92 /* GameListCollectionViewCell.swift */; };
		F1E20C732A4D6E1B00772B80 /* AppDelegate.swift in Sources */ = {isa = PBXBuildFile; fileRef = F1E20C722A4D6E1B00772B80 /* AppDelegate.swift */; };
		F1E20C752A4D6E1B00772B80 /* SceneDelegate.swift in Sources */ = {isa = PBXBuildFile; fileRef = F1E20C742A4D6E1B00772B80 /* SceneDelegate.swift */; };
		F1E20C7A2A4D6E1B00772B80 /* Main.storyboard in Resources */ = {isa = PBXBuildFile; fileRef = F1E20C782A4D6E1B00772B80 /* Main.storyboard */; };
		F1E20C7C2A4D6E1C00772B80 /* Assets.xcassets in Resources */ = {isa = PBXBuildFile; fileRef = F1E20C7B2A4D6E1C00772B80 /* Assets.xcassets */; };
		F1E20C7F2A4D6E1C00772B80 /* LaunchScreen.storyboard in Resources */ = {isa = PBXBuildFile; fileRef = F1E20C7D2A4D6E1C00772B80 /* LaunchScreen.storyboard */; };
		F1E20C8D2A4EACF900772B80 /* SnapKit in Frameworks */ = {isa = PBXBuildFile; productRef = F1E20C8C2A4EACF900772B80 /* SnapKit */; };
		F6B45FA82A4DA96000F1D0DB /* popular-pvp-games.json in Resources */ = {isa = PBXBuildFile; fileRef = F6B45FA72A4DA96000F1D0DB /* popular-pvp-games.json */; };
		F6B45FAA2A4DA9C200F1D0DB /* detail-game-pubg.json in Resources */ = {isa = PBXBuildFile; fileRef = F6B45FA92A4DA9C200F1D0DB /* detail-game-pubg.json */; };
		F6B45FAC2A4E71DA00F1D0DB /* GameListDTO.swift in Sources */ = {isa = PBXBuildFile; fileRef = F6B45FAB2A4E71DA00F1D0DB /* GameListDTO.swift */; };
		F6B45FAE2A4E752900F1D0DB /* GameDetailDTO.swift in Sources */ = {isa = PBXBuildFile; fileRef = F6B45FAD2A4E752900F1D0DB /* GameDetailDTO.swift */; };
		F6B45FB02A4E768B00F1D0DB /* MinimumSystemRequirementsDTO.swift in Sources */ = {isa = PBXBuildFile; fileRef = F6B45FAF2A4E768B00F1D0DB /* MinimumSystemRequirementsDTO.swift */; };
		F6B45FB22A4E775100F1D0DB /* ScreenshotDTO.swift in Sources */ = {isa = PBXBuildFile; fileRef = F6B45FB12A4E775100F1D0DB /* ScreenshotDTO.swift */; };
		F6B45FB72A4EA77000F1D0DB /* GameDetail.swift in Sources */ = {isa = PBXBuildFile; fileRef = F6B45FB62A4EA77000F1D0DB /* GameDetail.swift */; };
		F6B45FB92A4EA9E700F1D0DB /* GameList.swift in Sources */ = {isa = PBXBuildFile; fileRef = F6B45FB82A4EA9E700F1D0DB /* GameList.swift */; };
		F6B45FC32A4EB9CC00F1D0DB /* GameListDTOTests.swift in Sources */ = {isa = PBXBuildFile; fileRef = F6B45FC22A4EB9CC00F1D0DB /* GameListDTOTests.swift */; };
		F6B45FC92A4EBADB00F1D0DB /* GameListDTO.swift in Sources */ = {isa = PBXBuildFile; fileRef = F6B45FAB2A4E71DA00F1D0DB /* GameListDTO.swift */; };
		F6B45FCA2A4EBADE00F1D0DB /* GameDetailDTO.swift in Sources */ = {isa = PBXBuildFile; fileRef = F6B45FAD2A4E752900F1D0DB /* GameDetailDTO.swift */; };
		F6B45FCB2A4EBAE000F1D0DB /* MinimumSystemRequirementsDTO.swift in Sources */ = {isa = PBXBuildFile; fileRef = F6B45FAF2A4E768B00F1D0DB /* MinimumSystemRequirementsDTO.swift */; };
		F6B45FCC2A4EBAE300F1D0DB /* ScreenshotDTO.swift in Sources */ = {isa = PBXBuildFile; fileRef = F6B45FB12A4E775100F1D0DB /* ScreenshotDTO.swift */; };
		F6B45FCD2A4EBAE900F1D0DB /* GameDetail.swift in Sources */ = {isa = PBXBuildFile; fileRef = F6B45FB62A4EA77000F1D0DB /* GameDetail.swift */; };
		F6B45FCE2A4EBAED00F1D0DB /* GameList.swift in Sources */ = {isa = PBXBuildFile; fileRef = F6B45FB82A4EA9E700F1D0DB /* GameList.swift */; };
		F6B45FCF2A4EBB7400F1D0DB /* popular-pvp-games.json in Resources */ = {isa = PBXBuildFile; fileRef = F6B45FA72A4DA96000F1D0DB /* popular-pvp-games.json */; };
		F6B45FD12A4EBEEA00F1D0DB /* wrong-pvp-games.json in Resources */ = {isa = PBXBuildFile; fileRef = F6B45FD02A4EBEEA00F1D0DB /* wrong-pvp-games.json */; };
		F6B45FD32A4EC36C00F1D0DB /* detail-game-pubg.json in Resources */ = {isa = PBXBuildFile; fileRef = F6B45FA92A4DA9C200F1D0DB /* detail-game-pubg.json */; };
		F6B45FD52A4EC5D900F1D0DB /* GameDetailDTOTests.swift in Sources */ = {isa = PBXBuildFile; fileRef = F6B45FD42A4EC5D900F1D0DB /* GameDetailDTOTests.swift */; };
		F6B45FD62A4EC6A000F1D0DB /* wrong-game-pubg.json in Resources */ = {isa = PBXBuildFile; fileRef = F6B45FD22A4EBF4A00F1D0DB /* wrong-game-pubg.json */; };
/* End PBXBuildFile section */

/* Begin PBXContainerItemProxy section */
		F6B45FC42A4EB9CC00F1D0DB /* PBXContainerItemProxy */ = {
			isa = PBXContainerItemProxy;
			containerPortal = F1E20C672A4D6E1B00772B80 /* Project object */;
			proxyType = 1;
			remoteGlobalIDString = F1E20C6E2A4D6E1B00772B80;
			remoteInfo = GameScope;
		};
/* End PBXContainerItemProxy section */

/* Begin PBXFileReference section */
		F14B01752A513FEF00D43B1D /* ViewController.swift */ = {isa = PBXFileReference; lastKnownFileType = sourcecode.swift; name = ViewController.swift; path = GameScope/Controllers/ViewController.swift; sourceTree = SOURCE_ROOT; };
		F14B017A2A5195DD00D43B1D /* GameManager.swift */ = {isa = PBXFileReference; lastKnownFileType = sourcecode.swift; path = GameManager.swift; sourceTree = "<group>"; };
		F14B017C2A52AF2B00D43B1D /* JSONDeserializer.swift */ = {isa = PBXFileReference; lastKnownFileType = sourcecode.swift; path = JSONDeserializer.swift; sourceTree = "<group>"; };
		F14B01872A52D99A00D43B1D /* latest-games.json */ = {isa = PBXFileReference; explicitFileType = text.json; path = "latest-games.json"; sourceTree = "<group>"; };
		F14B01892A52D9F400D43B1D /* popular-games.json */ = {isa = PBXFileReference; explicitFileType = text.json; path = "popular-games.json"; sourceTree = "<group>"; };
		F14B018D2A565B7C00D43B1D /* NetworkDispatcher.swift */ = {isa = PBXFileReference; lastKnownFileType = sourcecode.swift; path = NetworkDispatcher.swift; sourceTree = "<group>"; };
		F14B01902A56609800D43B1D /* NetworkError.swift */ = {isa = PBXFileReference; lastKnownFileType = sourcecode.swift; path = NetworkError.swift; sourceTree = "<group>"; };
		F14B01942A56655000D43B1D /* URLResponse.swift */ = {isa = PBXFileReference; lastKnownFileType = sourcecode.swift; path = URLResponse.swift; sourceTree = "<group>"; };
		F15550712A4EDD0400832E92 /* GameListCollectionViewCell.swift */ = {isa = PBXFileReference; lastKnownFileType = sourcecode.swift; path = GameListCollectionViewCell.swift; sourceTree = "<group>"; };
		F1E20C6F2A4D6E1B00772B80 /* GameScope.app */ = {isa = PBXFileReference; explicitFileType = wrapper.application; includeInIndex = 0; path = GameScope.app; sourceTree = BUILT_PRODUCTS_DIR; };
		F1E20C722A4D6E1B00772B80 /* AppDelegate.swift */ = {isa = PBXFileReference; lastKnownFileType = sourcecode.swift; path = AppDelegate.swift; sourceTree = "<group>"; };
		F1E20C742A4D6E1B00772B80 /* SceneDelegate.swift */ = {isa = PBXFileReference; lastKnownFileType = sourcecode.swift; path = SceneDelegate.swift; sourceTree = "<group>"; };
		F1E20C792A4D6E1B00772B80 /* Base */ = {isa = PBXFileReference; lastKnownFileType = file.storyboard; name = Base; path = Base.lproj/Main.storyboard; sourceTree = "<group>"; };
		F1E20C7B2A4D6E1C00772B80 /* Assets.xcassets */ = {isa = PBXFileReference; lastKnownFileType = folder.assetcatalog; path = Assets.xcassets; sourceTree = "<group>"; };
		F1E20C7E2A4D6E1C00772B80 /* Base */ = {isa = PBXFileReference; lastKnownFileType = file.storyboard; name = Base; path = Base.lproj/LaunchScreen.storyboard; sourceTree = "<group>"; };
		F1E20C802A4D6E1C00772B80 /* Info.plist */ = {isa = PBXFileReference; lastKnownFileType = text.plist.xml; path = Info.plist; sourceTree = "<group>"; };
		F6B45FA72A4DA96000F1D0DB /* popular-pvp-games.json */ = {isa = PBXFileReference; lastKnownFileType = text.json; path = "popular-pvp-games.json"; sourceTree = "<group>"; };
		F6B45FA92A4DA9C200F1D0DB /* detail-game-pubg.json */ = {isa = PBXFileReference; lastKnownFileType = text.json; path = "detail-game-pubg.json"; sourceTree = "<group>"; };
		F6B45FAB2A4E71DA00F1D0DB /* GameListDTO.swift */ = {isa = PBXFileReference; lastKnownFileType = sourcecode.swift; path = GameListDTO.swift; sourceTree = "<group>"; };
		F6B45FAD2A4E752900F1D0DB /* GameDetailDTO.swift */ = {isa = PBXFileReference; lastKnownFileType = sourcecode.swift; path = GameDetailDTO.swift; sourceTree = "<group>"; };
		F6B45FAF2A4E768B00F1D0DB /* MinimumSystemRequirementsDTO.swift */ = {isa = PBXFileReference; lastKnownFileType = sourcecode.swift; path = MinimumSystemRequirementsDTO.swift; sourceTree = "<group>"; };
		F6B45FB12A4E775100F1D0DB /* ScreenshotDTO.swift */ = {isa = PBXFileReference; lastKnownFileType = sourcecode.swift; path = ScreenshotDTO.swift; sourceTree = "<group>"; };
		F6B45FB62A4EA77000F1D0DB /* GameDetail.swift */ = {isa = PBXFileReference; lastKnownFileType = sourcecode.swift; path = GameDetail.swift; sourceTree = "<group>"; };
		F6B45FB82A4EA9E700F1D0DB /* GameList.swift */ = {isa = PBXFileReference; lastKnownFileType = sourcecode.swift; path = GameList.swift; sourceTree = "<group>"; };
		F6B45FC02A4EB9CC00F1D0DB /* GameScopeTests.xctest */ = {isa = PBXFileReference; explicitFileType = wrapper.cfbundle; includeInIndex = 0; path = GameScopeTests.xctest; sourceTree = BUILT_PRODUCTS_DIR; };
		F6B45FC22A4EB9CC00F1D0DB /* GameListDTOTests.swift */ = {isa = PBXFileReference; lastKnownFileType = sourcecode.swift; path = GameListDTOTests.swift; sourceTree = "<group>"; };
		F6B45FD02A4EBEEA00F1D0DB /* wrong-pvp-games.json */ = {isa = PBXFileReference; lastKnownFileType = text.json; path = "wrong-pvp-games.json"; sourceTree = "<group>"; };
		F6B45FD22A4EBF4A00F1D0DB /* wrong-game-pubg.json */ = {isa = PBXFileReference; lastKnownFileType = text.json; path = "wrong-game-pubg.json"; sourceTree = "<group>"; };
		F6B45FD42A4EC5D900F1D0DB /* GameDetailDTOTests.swift */ = {isa = PBXFileReference; lastKnownFileType = sourcecode.swift; path = GameDetailDTOTests.swift; sourceTree = "<group>"; };
/* End PBXFileReference section */

/* Begin PBXFrameworksBuildPhase section */
		F1E20C6C2A4D6E1B00772B80 /* Frameworks */ = {
			isa = PBXFrameworksBuildPhase;
			buildActionMask = 2147483647;
			files = (
				F1E20C8D2A4EACF900772B80 /* SnapKit in Frameworks */,
			);
			runOnlyForDeploymentPostprocessing = 0;
		};
		F6B45FBD2A4EB9CC00F1D0DB /* Frameworks */ = {
			isa = PBXFrameworksBuildPhase;
			buildActionMask = 2147483647;
			files = (
			);
			runOnlyForDeploymentPostprocessing = 0;
		};
/* End PBXFrameworksBuildPhase section */

/* Begin PBXGroup section */
		F14B01782A51727100D43B1D /* Controllers */ = {
			isa = PBXGroup;
			children = (
				F14B01752A513FEF00D43B1D /* ViewController.swift */,
			);
			path = Controllers;
			sourceTree = "<group>";
		};
		F14B01792A5195B600D43B1D /* Util */ = {
			isa = PBXGroup;
			children = (
				F14B017A2A5195DD00D43B1D /* GameManager.swift */,
				F14B017C2A52AF2B00D43B1D /* JSONDeserializer.swift */,
			);
			path = Util;
			sourceTree = "<group>";
		};
		F14B018B2A5656BE00D43B1D /* Networking */ = {
			isa = PBXGroup;
			children = (
				F14B018D2A565B7C00D43B1D /* NetworkDispatcher.swift */,
				F14B01902A56609800D43B1D /* NetworkError.swift */,
			);
			path = Networking;
			sourceTree = "<group>";
		};
		F14B01922A56652D00D43B1D /* Extension */ = {
			isa = PBXGroup;
			children = (
				F14B01942A56655000D43B1D /* URLResponse.swift */,
			);
			path = Extension;
			sourceTree = "<group>";
		};
		F15550702A4EDCEC00832E92 /* View */ = {
			isa = PBXGroup;
			children = (
				F15550712A4EDD0400832E92 /* GameListCollectionViewCell.swift */,
			);
			path = View;
			sourceTree = "<group>";
		};
		F1E20C662A4D6E1B00772B80 = {
			isa = PBXGroup;
			children = (
				F1E20C712A4D6E1B00772B80 /* GameScope */,
				F6B45FC12A4EB9CC00F1D0DB /* GameScopeTests */,
				F1E20C702A4D6E1B00772B80 /* Products */,
			);
			sourceTree = "<group>";
		};
		F1E20C702A4D6E1B00772B80 /* Products */ = {
			isa = PBXGroup;
			children = (
				F1E20C6F2A4D6E1B00772B80 /* GameScope.app */,
				F6B45FC02A4EB9CC00F1D0DB /* GameScopeTests.xctest */,
			);
			name = Products;
			sourceTree = "<group>";
		};
		F1E20C712A4D6E1B00772B80 /* GameScope */ = {
			isa = PBXGroup;
			children = (
				F1E20C722A4D6E1B00772B80 /* AppDelegate.swift */,
				F1E20C742A4D6E1B00772B80 /* SceneDelegate.swift */,
				F1E20C782A4D6E1B00772B80 /* Main.storyboard */,
				F1E20C7B2A4D6E1C00772B80 /* Assets.xcassets */,
				F1E20C7D2A4D6E1C00772B80 /* LaunchScreen.storyboard */,
				F1E20C802A4D6E1C00772B80 /* Info.plist */,
				F6B45FA72A4DA96000F1D0DB /* popular-pvp-games.json */,
				F14B01892A52D9F400D43B1D /* popular-games.json */,
				F14B01872A52D99A00D43B1D /* latest-games.json */,
				F6B45FA92A4DA9C200F1D0DB /* detail-game-pubg.json */,
				F14B01922A56652D00D43B1D /* Extension */,
				F14B018B2A5656BE00D43B1D /* Networking */,
				F14B01792A5195B600D43B1D /* Util */,
				F14B01782A51727100D43B1D /* Controllers */,
				F15550702A4EDCEC00832E92 /* View */,
				F6B45FB52A4EA71500F1D0DB /* Model */,
			);
			path = GameScope;
			sourceTree = "<group>";
		};
		F6B45FB42A4E7A1800F1D0DB /* DTO */ = {
			isa = PBXGroup;
			children = (
				F6B45FAB2A4E71DA00F1D0DB /* GameListDTO.swift */,
				F6B45FAD2A4E752900F1D0DB /* GameDetailDTO.swift */,
				F6B45FAF2A4E768B00F1D0DB /* MinimumSystemRequirementsDTO.swift */,
				F6B45FB12A4E775100F1D0DB /* ScreenshotDTO.swift */,
			);
			path = DTO;
			sourceTree = "<group>";
		};
		F6B45FB52A4EA71500F1D0DB /* Model */ = {
			isa = PBXGroup;
			children = (
				F6B45FB42A4E7A1800F1D0DB /* DTO */,
				F6B45FB62A4EA77000F1D0DB /* GameDetail.swift */,
				F6B45FB82A4EA9E700F1D0DB /* GameList.swift */,
			);
			path = Model;
			sourceTree = "<group>";
		};
		F6B45FC12A4EB9CC00F1D0DB /* GameScopeTests */ = {
			isa = PBXGroup;
			children = (
				F6B45FC22A4EB9CC00F1D0DB /* GameListDTOTests.swift */,
				F6B45FD02A4EBEEA00F1D0DB /* wrong-pvp-games.json */,
				F6B45FD42A4EC5D900F1D0DB /* GameDetailDTOTests.swift */,
				F6B45FD22A4EBF4A00F1D0DB /* wrong-game-pubg.json */,
			);
			path = GameScopeTests;
			sourceTree = "<group>";
		};
/* End PBXGroup section */

/* Begin PBXNativeTarget section */
		F1E20C6E2A4D6E1B00772B80 /* GameScope */ = {
			isa = PBXNativeTarget;
			buildConfigurationList = F1E20C832A4D6E1C00772B80 /* Build configuration list for PBXNativeTarget "GameScope" */;
			buildPhases = (
				F1E20C6B2A4D6E1B00772B80 /* Sources */,
				F1E20C6C2A4D6E1B00772B80 /* Frameworks */,
				F1E20C6D2A4D6E1B00772B80 /* Resources */,
			);
			buildRules = (
			);
			dependencies = (
			);
			name = GameScope;
			packageProductDependencies = (
				F1E20C8C2A4EACF900772B80 /* SnapKit */,
			);
			productName = GameScope;
			productReference = F1E20C6F2A4D6E1B00772B80 /* GameScope.app */;
			productType = "com.apple.product-type.application";
		};
		F6B45FBF2A4EB9CC00F1D0DB /* GameScopeTests */ = {
			isa = PBXNativeTarget;
			buildConfigurationList = F6B45FC62A4EB9CD00F1D0DB /* Build configuration list for PBXNativeTarget "GameScopeTests" */;
			buildPhases = (
				F6B45FBC2A4EB9CC00F1D0DB /* Sources */,
				F6B45FBD2A4EB9CC00F1D0DB /* Frameworks */,
				F6B45FBE2A4EB9CC00F1D0DB /* Resources */,
			);
			buildRules = (
			);
			dependencies = (
				F6B45FC52A4EB9CC00F1D0DB /* PBXTargetDependency */,
			);
			name = GameScopeTests;
			productName = GameScopeTests;
			productReference = F6B45FC02A4EB9CC00F1D0DB /* GameScopeTests.xctest */;
			productType = "com.apple.product-type.bundle.unit-test";
		};
/* End PBXNativeTarget section */

/* Begin PBXProject section */
		F1E20C672A4D6E1B00772B80 /* Project object */ = {
			isa = PBXProject;
			attributes = {
				BuildIndependentTargetsInParallel = 1;
				LastSwiftUpdateCheck = 1430;
				LastUpgradeCheck = 1430;
				TargetAttributes = {
					F1E20C6E2A4D6E1B00772B80 = {
						CreatedOnToolsVersion = 14.3.1;
					};
					F6B45FBF2A4EB9CC00F1D0DB = {
						CreatedOnToolsVersion = 14.3.1;
						TestTargetID = F1E20C6E2A4D6E1B00772B80;
					};
				};
			};
			buildConfigurationList = F1E20C6A2A4D6E1B00772B80 /* Build configuration list for PBXProject "GameScope" */;
			compatibilityVersion = "Xcode 14.0";
			developmentRegion = en;
			hasScannedForEncodings = 0;
			knownRegions = (
				en,
				Base,
			);
			mainGroup = F1E20C662A4D6E1B00772B80;
			packageReferences = (
				F1E20C8B2A4EACF900772B80 /* XCRemoteSwiftPackageReference "SnapKit" */,
			);
			productRefGroup = F1E20C702A4D6E1B00772B80 /* Products */;
			projectDirPath = "";
			projectRoot = "";
			targets = (
				F1E20C6E2A4D6E1B00772B80 /* GameScope */,
				F6B45FBF2A4EB9CC00F1D0DB /* GameScopeTests */,
			);
		};
/* End PBXProject section */

/* Begin PBXResourcesBuildPhase section */
		F1E20C6D2A4D6E1B00772B80 /* Resources */ = {
			isa = PBXResourcesBuildPhase;
			buildActionMask = 2147483647;
			files = (
				F1E20C7F2A4D6E1C00772B80 /* LaunchScreen.storyboard in Resources */,
				F14B018A2A52D9F400D43B1D /* popular-games.json in Resources */,
				F6B45FAA2A4DA9C200F1D0DB /* detail-game-pubg.json in Resources */,
				F1E20C7C2A4D6E1C00772B80 /* Assets.xcassets in Resources */,
				F14B01882A52D99A00D43B1D /* latest-games.json in Resources */,
				F6B45FA82A4DA96000F1D0DB /* popular-pvp-games.json in Resources */,
				F1E20C7A2A4D6E1B00772B80 /* Main.storyboard in Resources */,
			);
			runOnlyForDeploymentPostprocessing = 0;
		};
		F6B45FBE2A4EB9CC00F1D0DB /* Resources */ = {
			isa = PBXResourcesBuildPhase;
			buildActionMask = 2147483647;
			files = (
				F6B45FD12A4EBEEA00F1D0DB /* wrong-pvp-games.json in Resources */,
				F6B45FD62A4EC6A000F1D0DB /* wrong-game-pubg.json in Resources */,
				F6B45FCF2A4EBB7400F1D0DB /* popular-pvp-games.json in Resources */,
				F6B45FD32A4EC36C00F1D0DB /* detail-game-pubg.json in Resources */,
			);
			runOnlyForDeploymentPostprocessing = 0;
		};
/* End PBXResourcesBuildPhase section */

/* Begin PBXSourcesBuildPhase section */
		F1E20C6B2A4D6E1B00772B80 /* Sources */ = {
			isa = PBXSourcesBuildPhase;
			buildActionMask = 2147483647;
			files = (
				F6B45FB72A4EA77000F1D0DB /* GameDetail.swift in Sources */,
				F14B01912A56609800D43B1D /* NetworkError.swift in Sources */,
				F15550722A4EDD0400832E92 /* GameListCollectionViewCell.swift in Sources */,
				F1E20C732A4D6E1B00772B80 /* AppDelegate.swift in Sources */,
				F14B017B2A5195DD00D43B1D /* GameManager.swift in Sources */,
				F14B01762A513FEF00D43B1D /* ViewController.swift in Sources */,
				F6B45FAE2A4E752900F1D0DB /* GameDetailDTO.swift in Sources */,
				F6B45FB02A4E768B00F1D0DB /* MinimumSystemRequirementsDTO.swift in Sources */,
				F14B01952A56655000D43B1D /* URLResponse.swift in Sources */,
				F1E20C752A4D6E1B00772B80 /* SceneDelegate.swift in Sources */,
				F6B45FB22A4E775100F1D0DB /* ScreenshotDTO.swift in Sources */,
				F6B45FB92A4EA9E700F1D0DB /* GameList.swift in Sources */,
				F14B017D2A52AF2B00D43B1D /* JSONDeserializer.swift in Sources */,
				F6B45FAC2A4E71DA00F1D0DB /* GameListDTO.swift in Sources */,
				F14B018E2A565B7C00D43B1D /* NetworkDispatcher.swift in Sources */,
			);
			runOnlyForDeploymentPostprocessing = 0;
		};
		F6B45FBC2A4EB9CC00F1D0DB /* Sources */ = {
			isa = PBXSourcesBuildPhase;
			buildActionMask = 2147483647;
			files = (
				F6B45FCA2A4EBADE00F1D0DB /* GameDetailDTO.swift in Sources */,
				F6B45FCB2A4EBAE000F1D0DB /* MinimumSystemRequirementsDTO.swift in Sources */,
				F6B45FD52A4EC5D900F1D0DB /* GameDetailDTOTests.swift in Sources */,
				F6B45FC32A4EB9CC00F1D0DB /* GameListDTOTests.swift in Sources */,
				F6B45FCC2A4EBAE300F1D0DB /* ScreenshotDTO.swift in Sources */,
				F6B45FCD2A4EBAE900F1D0DB /* GameDetail.swift in Sources */,
				F6B45FCE2A4EBAED00F1D0DB /* GameList.swift in Sources */,
				F6B45FC92A4EBADB00F1D0DB /* GameListDTO.swift in Sources */,
			);
			runOnlyForDeploymentPostprocessing = 0;
		};
/* End PBXSourcesBuildPhase section */

/* Begin PBXTargetDependency section */
		F6B45FC52A4EB9CC00F1D0DB /* PBXTargetDependency */ = {
			isa = PBXTargetDependency;
			target = F1E20C6E2A4D6E1B00772B80 /* GameScope */;
			targetProxy = F6B45FC42A4EB9CC00F1D0DB /* PBXContainerItemProxy */;
		};
/* End PBXTargetDependency section */

/* Begin PBXVariantGroup section */
		F1E20C782A4D6E1B00772B80 /* Main.storyboard */ = {
			isa = PBXVariantGroup;
			children = (
				F1E20C792A4D6E1B00772B80 /* Base */,
			);
			name = Main.storyboard;
			sourceTree = "<group>";
		};
		F1E20C7D2A4D6E1C00772B80 /* LaunchScreen.storyboard */ = {
			isa = PBXVariantGroup;
			children = (
				F1E20C7E2A4D6E1C00772B80 /* Base */,
			);
			name = LaunchScreen.storyboard;
			sourceTree = "<group>";
		};
/* End PBXVariantGroup section */

/* Begin XCBuildConfiguration section */
		F1E20C812A4D6E1C00772B80 /* Debug */ = {
			isa = XCBuildConfiguration;
			buildSettings = {
				ALWAYS_SEARCH_USER_PATHS = NO;
				CLANG_ANALYZER_NONNULL = YES;
				CLANG_ANALYZER_NUMBER_OBJECT_CONVERSION = YES_AGGRESSIVE;
				CLANG_CXX_LANGUAGE_STANDARD = "gnu++20";
				CLANG_ENABLE_MODULES = YES;
				CLANG_ENABLE_OBJC_ARC = YES;
				CLANG_ENABLE_OBJC_WEAK = YES;
				CLANG_WARN_BLOCK_CAPTURE_AUTORELEASING = YES;
				CLANG_WARN_BOOL_CONVERSION = YES;
				CLANG_WARN_COMMA = YES;
				CLANG_WARN_CONSTANT_CONVERSION = YES;
				CLANG_WARN_DEPRECATED_OBJC_IMPLEMENTATIONS = YES;
				CLANG_WARN_DIRECT_OBJC_ISA_USAGE = YES_ERROR;
				CLANG_WARN_DOCUMENTATION_COMMENTS = YES;
				CLANG_WARN_EMPTY_BODY = YES;
				CLANG_WARN_ENUM_CONVERSION = YES;
				CLANG_WARN_INFINITE_RECURSION = YES;
				CLANG_WARN_INT_CONVERSION = YES;
				CLANG_WARN_NON_LITERAL_NULL_CONVERSION = YES;
				CLANG_WARN_OBJC_IMPLICIT_RETAIN_SELF = YES;
				CLANG_WARN_OBJC_LITERAL_CONVERSION = YES;
				CLANG_WARN_OBJC_ROOT_CLASS = YES_ERROR;
				CLANG_WARN_QUOTED_INCLUDE_IN_FRAMEWORK_HEADER = YES;
				CLANG_WARN_RANGE_LOOP_ANALYSIS = YES;
				CLANG_WARN_STRICT_PROTOTYPES = YES;
				CLANG_WARN_SUSPICIOUS_MOVE = YES;
				CLANG_WARN_UNGUARDED_AVAILABILITY = YES_AGGRESSIVE;
				CLANG_WARN_UNREACHABLE_CODE = YES;
				CLANG_WARN__DUPLICATE_METHOD_MATCH = YES;
				COPY_PHASE_STRIP = NO;
				DEBUG_INFORMATION_FORMAT = dwarf;
				ENABLE_STRICT_OBJC_MSGSEND = YES;
				ENABLE_TESTABILITY = YES;
				GCC_C_LANGUAGE_STANDARD = gnu11;
				GCC_DYNAMIC_NO_PIC = NO;
				GCC_NO_COMMON_BLOCKS = YES;
				GCC_OPTIMIZATION_LEVEL = 0;
				GCC_PREPROCESSOR_DEFINITIONS = (
					"DEBUG=1",
					"$(inherited)",
				);
				GCC_WARN_64_TO_32_BIT_CONVERSION = YES;
				GCC_WARN_ABOUT_RETURN_TYPE = YES_ERROR;
				GCC_WARN_UNDECLARED_SELECTOR = YES;
				GCC_WARN_UNINITIALIZED_AUTOS = YES_AGGRESSIVE;
				GCC_WARN_UNUSED_FUNCTION = YES;
				GCC_WARN_UNUSED_VARIABLE = YES;
				IPHONEOS_DEPLOYMENT_TARGET = 15.0;
				MTL_ENABLE_DEBUG_INFO = INCLUDE_SOURCE;
				MTL_FAST_MATH = YES;
				ONLY_ACTIVE_ARCH = YES;
				SDKROOT = iphoneos;
				SWIFT_ACTIVE_COMPILATION_CONDITIONS = DEBUG;
				SWIFT_OPTIMIZATION_LEVEL = "-Onone";
			};
			name = Debug;
		};
		F1E20C822A4D6E1C00772B80 /* Release */ = {
			isa = XCBuildConfiguration;
			buildSettings = {
				ALWAYS_SEARCH_USER_PATHS = NO;
				CLANG_ANALYZER_NONNULL = YES;
				CLANG_ANALYZER_NUMBER_OBJECT_CONVERSION = YES_AGGRESSIVE;
				CLANG_CXX_LANGUAGE_STANDARD = "gnu++20";
				CLANG_ENABLE_MODULES = YES;
				CLANG_ENABLE_OBJC_ARC = YES;
				CLANG_ENABLE_OBJC_WEAK = YES;
				CLANG_WARN_BLOCK_CAPTURE_AUTORELEASING = YES;
				CLANG_WARN_BOOL_CONVERSION = YES;
				CLANG_WARN_COMMA = YES;
				CLANG_WARN_CONSTANT_CONVERSION = YES;
				CLANG_WARN_DEPRECATED_OBJC_IMPLEMENTATIONS = YES;
				CLANG_WARN_DIRECT_OBJC_ISA_USAGE = YES_ERROR;
				CLANG_WARN_DOCUMENTATION_COMMENTS = YES;
				CLANG_WARN_EMPTY_BODY = YES;
				CLANG_WARN_ENUM_CONVERSION = YES;
				CLANG_WARN_INFINITE_RECURSION = YES;
				CLANG_WARN_INT_CONVERSION = YES;
				CLANG_WARN_NON_LITERAL_NULL_CONVERSION = YES;
				CLANG_WARN_OBJC_IMPLICIT_RETAIN_SELF = YES;
				CLANG_WARN_OBJC_LITERAL_CONVERSION = YES;
				CLANG_WARN_OBJC_ROOT_CLASS = YES_ERROR;
				CLANG_WARN_QUOTED_INCLUDE_IN_FRAMEWORK_HEADER = YES;
				CLANG_WARN_RANGE_LOOP_ANALYSIS = YES;
				CLANG_WARN_STRICT_PROTOTYPES = YES;
				CLANG_WARN_SUSPICIOUS_MOVE = YES;
				CLANG_WARN_UNGUARDED_AVAILABILITY = YES_AGGRESSIVE;
				CLANG_WARN_UNREACHABLE_CODE = YES;
				CLANG_WARN__DUPLICATE_METHOD_MATCH = YES;
				COPY_PHASE_STRIP = NO;
				DEBUG_INFORMATION_FORMAT = "dwarf-with-dsym";
				ENABLE_NS_ASSERTIONS = NO;
				ENABLE_STRICT_OBJC_MSGSEND = YES;
				GCC_C_LANGUAGE_STANDARD = gnu11;
				GCC_NO_COMMON_BLOCKS = YES;
				GCC_WARN_64_TO_32_BIT_CONVERSION = YES;
				GCC_WARN_ABOUT_RETURN_TYPE = YES_ERROR;
				GCC_WARN_UNDECLARED_SELECTOR = YES;
				GCC_WARN_UNINITIALIZED_AUTOS = YES_AGGRESSIVE;
				GCC_WARN_UNUSED_FUNCTION = YES;
				GCC_WARN_UNUSED_VARIABLE = YES;
				IPHONEOS_DEPLOYMENT_TARGET = 15.0;
				MTL_ENABLE_DEBUG_INFO = NO;
				MTL_FAST_MATH = YES;
				SDKROOT = iphoneos;
				SWIFT_COMPILATION_MODE = wholemodule;
				SWIFT_OPTIMIZATION_LEVEL = "-O";
				VALIDATE_PRODUCT = YES;
			};
			name = Release;
		};
		F1E20C842A4D6E1C00772B80 /* Debug */ = {
			isa = XCBuildConfiguration;
			buildSettings = {
				ASSETCATALOG_COMPILER_APPICON_NAME = AppIcon;
				ASSETCATALOG_COMPILER_GLOBAL_ACCENT_COLOR_NAME = AccentColor;
				CODE_SIGN_STYLE = Automatic;
				CURRENT_PROJECT_VERSION = 1;
				GENERATE_INFOPLIST_FILE = YES;
				INFOPLIST_FILE = GameScope/Info.plist;
				INFOPLIST_KEY_UIApplicationSupportsIndirectInputEvents = YES;
				INFOPLIST_KEY_UILaunchStoryboardName = LaunchScreen;
				INFOPLIST_KEY_UIMainStoryboardFile = Main;
				INFOPLIST_KEY_UISupportedInterfaceOrientations = UIInterfaceOrientationPortrait;
				INFOPLIST_KEY_UISupportedInterfaceOrientations_iPad = "UIInterfaceOrientationLandscapeLeft UIInterfaceOrientationLandscapeRight UIInterfaceOrientationPortrait UIInterfaceOrientationPortraitUpsideDown";
				IPHONEOS_DEPLOYMENT_TARGET = 15.0;
				LD_RUNPATH_SEARCH_PATHS = (
					"$(inherited)",
					"@executable_path/Frameworks",
				);
				MARKETING_VERSION = 1.0;
				PRODUCT_BUNDLE_IDENTIFIER = com.slowook.GameScope;
				PRODUCT_NAME = "$(TARGET_NAME)";
				SUPPORTED_PLATFORMS = "iphoneos iphonesimulator";
				SUPPORTS_MACCATALYST = NO;
				SUPPORTS_MAC_DESIGNED_FOR_IPHONE_IPAD = NO;
				SWIFT_EMIT_LOC_STRINGS = YES;
				SWIFT_VERSION = 5.0;
				TARGETED_DEVICE_FAMILY = 1;
			};
			name = Debug;
		};
		F1E20C852A4D6E1C00772B80 /* Release */ = {
			isa = XCBuildConfiguration;
			buildSettings = {
				ASSETCATALOG_COMPILER_APPICON_NAME = AppIcon;
				ASSETCATALOG_COMPILER_GLOBAL_ACCENT_COLOR_NAME = AccentColor;
				CODE_SIGN_STYLE = Automatic;
				CURRENT_PROJECT_VERSION = 1;
				GENERATE_INFOPLIST_FILE = YES;
				INFOPLIST_FILE = GameScope/Info.plist;
				INFOPLIST_KEY_UIApplicationSupportsIndirectInputEvents = YES;
				INFOPLIST_KEY_UILaunchStoryboardName = LaunchScreen;
				INFOPLIST_KEY_UIMainStoryboardFile = Main;
				INFOPLIST_KEY_UISupportedInterfaceOrientations = UIInterfaceOrientationPortrait;
				INFOPLIST_KEY_UISupportedInterfaceOrientations_iPad = "UIInterfaceOrientationLandscapeLeft UIInterfaceOrientationLandscapeRight UIInterfaceOrientationPortrait UIInterfaceOrientationPortraitUpsideDown";
				IPHONEOS_DEPLOYMENT_TARGET = 15.0;
				LD_RUNPATH_SEARCH_PATHS = (
					"$(inherited)",
					"@executable_path/Frameworks",
				);
				MARKETING_VERSION = 1.0;
				PRODUCT_BUNDLE_IDENTIFIER = com.slowook.GameScope;
				PRODUCT_NAME = "$(TARGET_NAME)";
				SUPPORTED_PLATFORMS = "iphoneos iphonesimulator";
				SUPPORTS_MACCATALYST = NO;
				SUPPORTS_MAC_DESIGNED_FOR_IPHONE_IPAD = NO;
				SWIFT_EMIT_LOC_STRINGS = YES;
				SWIFT_VERSION = 5.0;
				TARGETED_DEVICE_FAMILY = 1;
			};
			name = Release;
		};
		F6B45FC72A4EB9CD00F1D0DB /* Debug */ = {
			isa = XCBuildConfiguration;
			buildSettings = {
				BUNDLE_LOADER = "$(TEST_HOST)";
				CODE_SIGN_STYLE = Automatic;
				CURRENT_PROJECT_VERSION = 1;
				GENERATE_INFOPLIST_FILE = YES;
				IPHONEOS_DEPLOYMENT_TARGET = 16.4;
				MARKETING_VERSION = 1.0;
				PRODUCT_BUNDLE_IDENTIFIER = ooj.GameScopeTests;
				PRODUCT_NAME = "$(TARGET_NAME)";
				SWIFT_EMIT_LOC_STRINGS = NO;
				SWIFT_VERSION = 5.0;
				TARGETED_DEVICE_FAMILY = "1,2";
				TEST_HOST = "$(BUILT_PRODUCTS_DIR)/GameScope.app/$(BUNDLE_EXECUTABLE_FOLDER_PATH)/GameScope";
			};
			name = Debug;
		};
		F6B45FC82A4EB9CD00F1D0DB /* Release */ = {
			isa = XCBuildConfiguration;
			buildSettings = {
				BUNDLE_LOADER = "$(TEST_HOST)";
				CODE_SIGN_STYLE = Automatic;
				CURRENT_PROJECT_VERSION = 1;
				GENERATE_INFOPLIST_FILE = YES;
				IPHONEOS_DEPLOYMENT_TARGET = 16.4;
				MARKETING_VERSION = 1.0;
				PRODUCT_BUNDLE_IDENTIFIER = ooj.GameScopeTests;
				PRODUCT_NAME = "$(TARGET_NAME)";
				SWIFT_EMIT_LOC_STRINGS = NO;
				SWIFT_VERSION = 5.0;
				TARGETED_DEVICE_FAMILY = "1,2";
				TEST_HOST = "$(BUILT_PRODUCTS_DIR)/GameScope.app/$(BUNDLE_EXECUTABLE_FOLDER_PATH)/GameScope";
			};
			name = Release;
		};
/* End XCBuildConfiguration section */

/* Begin XCConfigurationList section */
		F1E20C6A2A4D6E1B00772B80 /* Build configuration list for PBXProject "GameScope" */ = {
			isa = XCConfigurationList;
			buildConfigurations = (
				F1E20C812A4D6E1C00772B80 /* Debug */,
				F1E20C822A4D6E1C00772B80 /* Release */,
			);
			defaultConfigurationIsVisible = 0;
			defaultConfigurationName = Release;
		};
		F1E20C832A4D6E1C00772B80 /* Build configuration list for PBXNativeTarget "GameScope" */ = {
			isa = XCConfigurationList;
			buildConfigurations = (
				F1E20C842A4D6E1C00772B80 /* Debug */,
				F1E20C852A4D6E1C00772B80 /* Release */,
			);
			defaultConfigurationIsVisible = 0;
			defaultConfigurationName = Release;
		};
		F6B45FC62A4EB9CD00F1D0DB /* Build configuration list for PBXNativeTarget "GameScopeTests" */ = {
			isa = XCConfigurationList;
			buildConfigurations = (
				F6B45FC72A4EB9CD00F1D0DB /* Debug */,
				F6B45FC82A4EB9CD00F1D0DB /* Release */,
			);
			defaultConfigurationIsVisible = 0;
			defaultConfigurationName = Release;
		};
/* End XCConfigurationList section */

/* Begin XCRemoteSwiftPackageReference section */
		F1E20C8B2A4EACF900772B80 /* XCRemoteSwiftPackageReference "SnapKit" */ = {
			isa = XCRemoteSwiftPackageReference;
			repositoryURL = "https://github.com/SnapKit/SnapKit.git";
			requirement = {
				kind = upToNextMajorVersion;
				minimumVersion = 5.0.1;
			};
		};
/* End XCRemoteSwiftPackageReference section */

/* Begin XCSwiftPackageProductDependency section */
		F1E20C8C2A4EACF900772B80 /* SnapKit */ = {
			isa = XCSwiftPackageProductDependency;
			package = F1E20C8B2A4EACF900772B80 /* XCRemoteSwiftPackageReference "SnapKit" */;
			productName = SnapKit;
		};
/* End XCSwiftPackageProductDependency section */
	};
	rootObject = F1E20C672A4D6E1B00772B80 /* Project object */;
}
